
Microsoft Visual Studio Solution File, Format Version 12.00
# Visual Studio Version 17
VisualStudioVersion = 17.3.32901.215
MinimumVisualStudioVersion = 10.0.40219.1
Project("{FAE04EC0-301F-11D3-BF4B-00C04F79EFBC}") = "CRUD1", "CRUD1\CRUD1.csproj", "{7156438A-7D2F-44AA-B629-A5324B4D5E75}"
EndProject
Global
	GlobalSection(SolutionConfigurationPlatforms) = preSolution
		Debug|Any CPU = Debug|Any CPU
		Release|Any CPU = Release|Any CPU
	EndGlobalSection
	GlobalSection(ProjectConfigurationPlatforms) = postSolution
		{7156438A-7D2F-44AA-B629-A5324B4D5E75}.Debug|Any CPU.ActiveCfg = Debug|Any CPU
		{7156438A-7D2F-44AA-B629-A5324B4D5E75}.Debug|Any CPU.Build.0 = Debug|Any CPU
		{7156438A-7D2F-44AA-B629-A5324B4D5E75}.Release|Any CPU.ActiveCfg = Release|Any CPU
		{7156438A-7D2F-44AA-B629-A5324B4D5E75}.Release|Any CPU.Build.0 = Release|Any CPU
	EndGlobalSection
	GlobalSection(SolutionProperties) = preSolution
		HideSolutionNode = FALSE
	EndGlobalSection
	GlobalSection(ExtensibilityGlobals) = postSolution
		SolutionGuid = {344C1691-AAE8-4807-96EE-32B7E8D3419D}
	EndGlobalSection
EndGlobal
